
Microsoft Visual Studio Solution File, Format Version 12.00
# Visual Studio Version 16
VisualStudioVersion = 16.0.30711.63
MinimumVisualStudioVersion = 10.0.40219.1
Project("{FAE04EC0-301F-11D3-BF4B-00C04F79EFBC}") = "planner4", "planner4.csproj", "{1859CFEA-24CB-4C1D-AB94-4546CAA08638}"
EndProject
Global
	GlobalSection(SolutionConfigurationPlatforms) = preSolution
		Debug|Any CPU = Debug|Any CPU
		Release|Any CPU = Release|Any CPU
	EndGlobalSection
	GlobalSection(ProjectConfigurationPlatforms) = postSolution
		{1859CFEA-24CB-4C1D-AB94-4546CAA08638}.Debug|Any CPU.ActiveCfg = Debug|Any CPU
		{1859CFEA-24CB-4C1D-AB94-4546CAA08638}.Debug|Any CPU.Build.0 = Debug|Any CPU
		{1859CFEA-24CB-4C1D-AB94-4546CAA08638}.Release|Any CPU.ActiveCfg = Release|Any CPU
		{1859CFEA-24CB-4C1D-AB94-4546CAA08638}.Release|Any CPU.Build.0 = Release|Any CPU
	EndGlobalSection
	GlobalSection(SolutionProperties) = preSolution
		HideSolutionNode = FALSE
	EndGlobalSection
	GlobalSection(ExtensibilityGlobals) = postSolution
		SolutionGuid = {C3A3E552-FE57-4557-9E3A-78AFB8E97612}
	EndGlobalSection
EndGlobal
